
Microsoft Visual Studio Solution File, Format Version 12.00
# Visual Studio Version 17
VisualStudioVersion = 17.8.34525.116
MinimumVisualStudioVersion = 10.0.40219.1
Project("{FAE04EC0-301F-11D3-BF4B-00C04F79EFBC}") = "AS2324.3G.RandazzoDiego.PSArray", "AS2324.3G.RandazzoDiego.PSArray\AS2324.3G.RandazzoDiego.PSArray.csproj", "{783BB723-C649-4B35-9CED-376834845FA6}"
EndProject
Global
	GlobalSection(SolutionConfigurationPlatforms) = preSolution
		Debug|Any CPU = Debug|Any CPU
		Release|Any CPU = Release|Any CPU
	EndGlobalSection
	GlobalSection(ProjectConfigurationPlatforms) = postSolution
		{783BB723-C649-4B35-9CED-376834845FA6}.Debug|Any CPU.ActiveCfg = Debug|Any CPU
		{783BB723-C649-4B35-9CED-376834845FA6}.Debug|Any CPU.Build.0 = Debug|Any CPU
		{783BB723-C649-4B35-9CED-376834845FA6}.Release|Any CPU.ActiveCfg = Release|Any CPU
		{783BB723-C649-4B35-9CED-376834845FA6}.Release|Any CPU.Build.0 = Release|Any CPU
	EndGlobalSection
	GlobalSection(SolutionProperties) = preSolution
		HideSolutionNode = FALSE
	EndGlobalSection
	GlobalSection(ExtensibilityGlobals) = postSolution
		SolutionGuid = {278966A6-68F0-49C9-B7BE-E6B602B18111}
	EndGlobalSection
EndGlobal
